
Microsoft Visual Studio Solution File, Format Version 12.00
# Visual Studio 2017
Project("{FAE04EC0-301F-11D3-BF4B-00C04F79EFBC}") = "NotXCOM", "NotXCOM.csproj", "{F065FEFD-2DEF-DFA5-40DD-130671C689C1}"
EndProject
Project("{FAE04EC0-301F-11D3-BF4B-00C04F79EFBC}") = "NotXCOM.Plugins", "NotXCOM.Plugins.csproj", "{4057E46D-290C-6205-34EE-B9327E1F5872}"
EndProject
Project("{FAE04EC0-301F-11D3-BF4B-00C04F79EFBC}") = "NotXCOM.Editor.Plugins", "NotXCOM.Editor.Plugins.csproj", "{A19A3690-9B90-B191-C121-362F4E41FF1A}"
EndProject
Global
	GlobalSection(SolutionConfigurationPlatforms) = preSolution
		Debug|Any CPU = Debug|Any CPU
		Release|Any CPU = Release|Any CPU
	EndGlobalSection
	GlobalSection(ProjectConfigurationPlatforms) = postSolution
		{F065FEFD-2DEF-DFA5-40DD-130671C689C1}.Debug|Any CPU.ActiveCfg = Debug|Any CPU
		{F065FEFD-2DEF-DFA5-40DD-130671C689C1}.Debug|Any CPU.Build.0 = Debug|Any CPU
		{F065FEFD-2DEF-DFA5-40DD-130671C689C1}.Release|Any CPU.ActiveCfg = Release|Any CPU
		{F065FEFD-2DEF-DFA5-40DD-130671C689C1}.Release|Any CPU.Build.0 = Release|Any CPU
		{4057E46D-290C-6205-34EE-B9327E1F5872}.Debug|Any CPU.ActiveCfg = Debug|Any CPU
		{4057E46D-290C-6205-34EE-B9327E1F5872}.Debug|Any CPU.Build.0 = Debug|Any CPU
		{4057E46D-290C-6205-34EE-B9327E1F5872}.Release|Any CPU.ActiveCfg = Release|Any CPU
		{4057E46D-290C-6205-34EE-B9327E1F5872}.Release|Any CPU.Build.0 = Release|Any CPU
		{A19A3690-9B90-B191-C121-362F4E41FF1A}.Debug|Any CPU.ActiveCfg = Debug|Any CPU
		{A19A3690-9B90-B191-C121-362F4E41FF1A}.Debug|Any CPU.Build.0 = Debug|Any CPU
		{A19A3690-9B90-B191-C121-362F4E41FF1A}.Release|Any CPU.ActiveCfg = Release|Any CPU
		{A19A3690-9B90-B191-C121-362F4E41FF1A}.Release|Any CPU.Build.0 = Release|Any CPU
	EndGlobalSection
	GlobalSection(SolutionProperties) = preSolution
		HideSolutionNode = FALSE
	EndGlobalSection
EndGlobal
